{
  "name": "u-vinci_draft",
  "version": "1.0.0",
  "lockfileVersion": 2,
  "requires": true,
  "packages": {
    "": {
      "name": "u-vinci_draft",
      "version": "1.0.0",
      "license": "ISC",
      "workspaces": [
        "u-vinci_draft"
      ]
    },
    "true": {
      "version": "1.0.0",
      "extraneous": true,
      "license": "ISC"
    }
  }
}
